{
  "name": "anki-programming-themes",
  "version": "2.0.0",
  "lockfileVersion": 1,
  "requires": true,
  "dependencies": {
    "mustache": {
      "version": "2.3.0",
      "resolved": "https://registry.npmjs.org/mustache/-/mustache-2.3.0.tgz",
      "integrity": "sha1-QCj3d4sXcIpImTCm5SrDvKDaQdA="
    }
  }
}
