{
  "name": "anki-programming-themes",
  "version": "2.0.0-beta.1",
  "lockfileVersion": 1,
  "requires": true,
  "dependencies": {
    "cardinal-stylus": {
      "version": "github:badlydrawnrob/cardinal-stylus#347bafb691585b768fa4c91a9901e68582d8fe60",
      "from": "github:badlydrawnrob/cardinal-stylus"
    },
    "mustache": {
      "version": "2.3.0",
      "resolved": "https://registry.npmjs.org/mustache/-/mustache-2.3.0.tgz",
      "integrity": "sha1-QCj3d4sXcIpImTCm5SrDvKDaQdA="
    }
  }
}
