{
  "name": "anki-programming-themes",
  "version": "2.0.0",
  "lockfileVersion": 1,
  "requires": true,
  "dependencies": {
    "cardinal-stylus": {
      "version": "github:badlydrawnrob/cardinal-stylus#e660062ff6c932dc9cdb72ab9beb946d196a4e4e",
      "requires": {
        "normalize.css": "7.0.0"
      }
    },
    "normalize.css": {
      "version": "7.0.0",
      "resolved": "https://registry.npmjs.org/normalize.css/-/normalize.css-7.0.0.tgz",
      "integrity": "sha1-q/sd2CRwZ04DIrU86xqvQSk45L8="
    }
  }
}
